// !$*UTF8*$!
{
	archiveVersion = 1;
	classes = {
	};
	objectVersion = 51;
	objects = {

/* Begin PBXBuildFile section */
		AA38EA7F26B1057B00528CA9 /* AppDelegate.swift in Sources */ = {isa = PBXBuildFile; fileRef = AA38EA7E26B1057B00528CA9 /* AppDelegate.swift */; };
		AA38EA8126B1057B00528CA9 /* SceneDelegate.swift in Sources */ = {isa = PBXBuildFile; fileRef = AA38EA8026B1057B00528CA9 /* SceneDelegate.swift */; };
		AA38EA8326B1057B00528CA9 /* ViewController.swift in Sources */ = {isa = PBXBuildFile; fileRef = AA38EA8226B1057B00528CA9 /* ViewController.swift */; };
		AA38EA8626B1057B00528CA9 /* Main.storyboard in Resources */ = {isa = PBXBuildFile; fileRef = AA38EA8426B1057B00528CA9 /* Main.storyboard */; };
		AA38EA8826B1057C00528CA9 /* Assets.xcassets in Resources */ = {isa = PBXBuildFile; fileRef = AA38EA8726B1057C00528CA9 /* Assets.xcassets */; };
		AA38EA8B26B1057C00528CA9 /* LaunchScreen.storyboard in Resources */ = {isa = PBXBuildFile; fileRef = AA38EA8926B1057C00528CA9 /* LaunchScreen.storyboard */; };
		AA38EA9326B119FB00528CA9 /* ChatTableViewCell.swift in Sources */ = {isa = PBXBuildFile; fileRef = AA38EA9226B119FB00528CA9 /* ChatTableViewCell.swift */; };
		FFB16CDE43BBE4C5954C3EBF /* Pods_starscreamSwift.framework in Frameworks */ = {isa = PBXBuildFile; fileRef = 18C542086D41CAA3BB00805D /* Pods_starscreamSwift.framework */; };
/* End PBXBuildFile section */

/* Begin PBXFileReference section */
		18C542086D41CAA3BB00805D /* Pods_starscreamSwift.framework */ = {isa = PBXFileReference; explicitFileType = wrapper.framework; includeInIndex = 0; path = Pods_starscreamSwift.framework; sourceTree = BUILT_PRODUCTS_DIR; };
		74FF0BBC4020DB375AC69109 /* Pods-starscreamSwift.debug.xcconfig */ = {isa = PBXFileReference; includeInIndex = 1; lastKnownFileType = text.xcconfig; name = "Pods-starscreamSwift.debug.xcconfig"; path = "Target Support Files/Pods-starscreamSwift/Pods-starscreamSwift.debug.xcconfig"; sourceTree = "<group>"; };
		AA38EA7B26B1057B00528CA9 /* starscreamSwift.app */ = {isa = PBXFileReference; explicitFileType = wrapper.application; includeInIndex = 0; path = starscreamSwift.app; sourceTree = BUILT_PRODUCTS_DIR; };
		AA38EA7E26B1057B00528CA9 /* AppDelegate.swift */ = {isa = PBXFileReference; lastKnownFileType = sourcecode.swift; path = AppDelegate.swift; sourceTree = "<group>"; };
		AA38EA8026B1057B00528CA9 /* SceneDelegate.swift */ = {isa = PBXFileReference; lastKnownFileType = sourcecode.swift; path = SceneDelegate.swift; sourceTree = "<group>"; };
		AA38EA8226B1057B00528CA9 /* ViewController.swift */ = {isa = PBXFileReference; lastKnownFileType = sourcecode.swift; path = ViewController.swift; sourceTree = "<group>"; };
		AA38EA8526B1057B00528CA9 /* Base */ = {isa = PBXFileReference; lastKnownFileType = file.storyboard; name = Base; path = Base.lproj/Main.storyboard; sourceTree = "<group>"; };
		AA38EA8726B1057C00528CA9 /* Assets.xcassets */ = {isa = PBXFileReference; lastKnownFileType = folder.assetcatalog; path = Assets.xcassets; sourceTree = "<group>"; };
		AA38EA8A26B1057C00528CA9 /* Base */ = {isa = PBXFileReference; lastKnownFileType = file.storyboard; name = Base; path = Base.lproj/LaunchScreen.storyboard; sourceTree = "<group>"; };
		AA38EA8C26B1057C00528CA9 /* Info.plist */ = {isa = PBXFileReference; lastKnownFileType = text.plist.xml; path = Info.plist; sourceTree = "<group>"; };
		AA38EA9226B119FB00528CA9 /* ChatTableViewCell.swift */ = {isa = PBXFileReference; lastKnownFileType = sourcecode.swift; path = ChatTableViewCell.swift; sourceTree = "<group>"; };
		C172B041D4A766C851F83228 /* Pods-starscreamSwift.release.xcconfig */ = {isa = PBXFileReference; includeInIndex = 1; lastKnownFileType = text.xcconfig; name = "Pods-starscreamSwift.release.xcconfig"; path = "Target Support Files/Pods-starscreamSwift/Pods-starscreamSwift.release.xcconfig"; sourceTree = "<group>"; };
/* End PBXFileReference section */

/* Begin PBXFrameworksBuildPhase section */
		AA38EA7826B1057B00528CA9 /* Frameworks */ = {
			isa = PBXFrameworksBuildPhase;
			buildActionMask = 2147483647;
			files = (
				FFB16CDE43BBE4C5954C3EBF /* Pods_starscreamSwift.framework in Frameworks */,
			);
			runOnlyForDeploymentPostprocessing = 0;
		};
/* End PBXFrameworksBuildPhase section */

/* Begin PBXGroup section */
		37365C8C189912D79F772481 /* Frameworks */ = {
			isa = PBXGroup;
			children = (
				18C542086D41CAA3BB00805D /* Pods_starscreamSwift.framework */,
			);
			name = Frameworks;
			sourceTree = "<group>";
		};
		AA38EA7226B1057B00528CA9 = {
			isa = PBXGroup;
			children = (
				AA38EA7D26B1057B00528CA9 /* starscreamSwift */,
				AA38EA7C26B1057B00528CA9 /* Products */,
				B6B88C949E2E7455A48BF326 /* Pods */,
				37365C8C189912D79F772481 /* Frameworks */,
			);
			sourceTree = "<group>";
		};
		AA38EA7C26B1057B00528CA9 /* Products */ = {
			isa = PBXGroup;
			children = (
				AA38EA7B26B1057B00528CA9 /* starscreamSwift.app */,
			);
			name = Products;
			sourceTree = "<group>";
		};
		AA38EA7D26B1057B00528CA9 /* starscreamSwift */ = {
			isa = PBXGroup;
			children = (
				AA38EA7E26B1057B00528CA9 /* AppDelegate.swift */,
				AA38EA8026B1057B00528CA9 /* SceneDelegate.swift */,
				AA38EA8226B1057B00528CA9 /* ViewController.swift */,
				AA38EA8426B1057B00528CA9 /* Main.storyboard */,
				AA38EA8726B1057C00528CA9 /* Assets.xcassets */,
				AA38EA8926B1057C00528CA9 /* LaunchScreen.storyboard */,
				AA38EA8C26B1057C00528CA9 /* Info.plist */,
				AA38EA9226B119FB00528CA9 /* ChatTableViewCell.swift */,
			);
			path = starscreamSwift;
			sourceTree = "<group>";
		};
		B6B88C949E2E7455A48BF326 /* Pods */ = {
			isa = PBXGroup;
			children = (
				74FF0BBC4020DB375AC69109 /* Pods-starscreamSwift.debug.xcconfig */,
				C172B041D4A766C851F83228 /* Pods-starscreamSwift.release.xcconfig */,
			);
			path = Pods;
			sourceTree = "<group>";
		};
/* End PBXGroup section */

/* Begin PBXNativeTarget section */
		AA38EA7A26B1057B00528CA9 /* starscreamSwift */ = {
			isa = PBXNativeTarget;
			buildConfigurationList = AA38EA8F26B1057C00528CA9 /* Build configuration list for PBXNativeTarget "starscreamSwift" */;
			buildPhases = (
				AC986FF659101F1B253866A0 /* [CP] Check Pods Manifest.lock */,
				AA38EA7726B1057B00528CA9 /* Sources */,
				AA38EA7826B1057B00528CA9 /* Frameworks */,
				AA38EA7926B1057B00528CA9 /* Resources */,
				DA5EA842F4B27612662BE16E /* [CP] Embed Pods Frameworks */,
			);
			buildRules = (
			);
			dependencies = (
			);
			name = starscreamSwift;
			productName = starscreamSwift;
			productReference = AA38EA7B26B1057B00528CA9 /* starscreamSwift.app */;
			productType = "com.apple.product-type.application";
		};
/* End PBXNativeTarget section */

/* Begin PBXProject section */
		AA38EA7326B1057B00528CA9 /* Project object */ = {
			isa = PBXProject;
			attributes = {
				LastSwiftUpdateCheck = 1250;
				LastUpgradeCheck = 1250;
				TargetAttributes = {
					AA38EA7A26B1057B00528CA9 = {
						CreatedOnToolsVersion = 12.5.1;
					};
				};
			};
			buildConfigurationList = AA38EA7626B1057B00528CA9 /* Build configuration list for PBXProject "starscreamSwift" */;
			compatibilityVersion = "Xcode 9.3";
			developmentRegion = en;
			hasScannedForEncodings = 0;
			knownRegions = (
				en,
				Base,
			);
			mainGroup = AA38EA7226B1057B00528CA9;
			productRefGroup = AA38EA7C26B1057B00528CA9 /* Products */;
			projectDirPath = "";
			projectRoot = "";
			targets = (
				AA38EA7A26B1057B00528CA9 /* starscreamSwift */,
			);
		};
/* End PBXProject section */

/* Begin PBXResourcesBuildPhase section */
		AA38EA7926B1057B00528CA9 /* Resources */ = {
			isa = PBXResourcesBuildPhase;
			buildActionMask = 2147483647;
			files = (
				AA38EA8B26B1057C00528CA9 /* LaunchScreen.storyboard in Resources */,
				AA38EA8826B1057C00528CA9 /* Assets.xcassets in Resources */,
				AA38EA8626B1057B00528CA9 /* Main.storyboard in Resources */,
			);
			runOnlyForDeploymentPostprocessing = 0;
		};
/* End PBXResourcesBuildPhase section */

/* Begin PBXShellScriptBuildPhase section */
		AC986FF659101F1B253866A0 /* [CP] Check Pods Manifest.lock */ = {
			isa = PBXShellScriptBuildPhase;
			buildActionMask = 2147483647;
			files = (
			);
			inputFileListPaths = (
			);
			inputPaths = (
				"${PODS_PODFILE_DIR_PATH}/Podfile.lock",
				"${PODS_ROOT}/Manifest.lock",
			);
			name = "[CP] Check Pods Manifest.lock";
			outputFileListPaths = (
			);
			outputPaths = (
				"$(DERIVED_FILE_DIR)/Pods-starscreamSwift-checkManifestLockResult.txt",
			);
			runOnlyForDeploymentPostprocessing = 0;
			shellPath = /bin/sh;
			shellScript = "diff \"${PODS_PODFILE_DIR_PATH}/Podfile.lock\" \"${PODS_ROOT}/Manifest.lock\" > /dev/null\nif [ $? != 0 ] ; then\n    # print error to STDERR\n    echo \"error: The sandbox is not in sync with the Podfile.lock. Run 'pod install' or update your CocoaPods installation.\" >&2\n    exit 1\nfi\n# This output is used by Xcode 'outputs' to avoid re-running this script phase.\necho \"SUCCESS\" > \"${SCRIPT_OUTPUT_FILE_0}\"\n";
			showEnvVarsInLog = 0;
		};
		DA5EA842F4B27612662BE16E /* [CP] Embed Pods Frameworks */ = {
			isa = PBXShellScriptBuildPhase;
			buildActionMask = 2147483647;
			files = (
			);
			inputFileListPaths = (
				"${PODS_ROOT}/Target Support Files/Pods-starscreamSwift/Pods-starscreamSwift-frameworks-${CONFIGURATION}-input-files.xcfilelist",
			);
			name = "[CP] Embed Pods Frameworks";
			outputFileListPaths = (
				"${PODS_ROOT}/Target Support Files/Pods-starscreamSwift/Pods-starscreamSwift-frameworks-${CONFIGURATION}-output-files.xcfilelist",
			);
			runOnlyForDeploymentPostprocessing = 0;
			shellPath = /bin/sh;
			shellScript = "\"${PODS_ROOT}/Target Support Files/Pods-starscreamSwift/Pods-starscreamSwift-frameworks.sh\"\n";
			showEnvVarsInLog = 0;
		};
/* End PBXShellScriptBuildPhase section */

/* Begin PBXSourcesBuildPhase section */
		AA38EA7726B1057B00528CA9 /* Sources */ = {
			isa = PBXSourcesBuildPhase;
			buildActionMask = 2147483647;
			files = (
				AA38EA8326B1057B00528CA9 /* ViewController.swift in Sources */,
				AA38EA9326B119FB00528CA9 /* ChatTableViewCell.swift in Sources */,
				AA38EA7F26B1057B00528CA9 /* AppDelegate.swift in Sources */,
				AA38EA8126B1057B00528CA9 /* SceneDelegate.swift in Sources */,
			);
			runOnlyForDeploymentPostprocessing = 0;
		};
/* End PBXSourcesBuildPhase section */

/* Begin PBXVariantGroup section */
		AA38EA8426B1057B00528CA9 /* Main.storyboard */ = {
			isa = PBXVariantGroup;
			children = (
				AA38EA8526B1057B00528CA9 /* Base */,
			);
			name = Main.storyboard;
			sourceTree = "<group>";
		};
		AA38EA8926B1057C00528CA9 /* LaunchScreen.storyboard */ = {
			isa = PBXVariantGroup;
			children = (
				AA38EA8A26B1057C00528CA9 /* Base */,
			);
			name = LaunchScreen.storyboard;
			sourceTree = "<group>";
		};
/* End PBXVariantGroup section */

/* Begin XCBuildConfiguration section */
		AA38EA8D26B1057C00528CA9 /* Debug */ = {
			isa = XCBuildConfiguration;
			buildSettings = {
				ALWAYS_SEARCH_USER_PATHS = NO;
				CLANG_ANALYZER_NONNULL = YES;
				CLANG_ANALYZER_NUMBER_OBJECT_CONVERSION = YES_AGGRESSIVE;
				CLANG_CXX_LANGUAGE_STANDARD = "gnu++14";
				CLANG_CXX_LIBRARY = "libc++";
				CLANG_ENABLE_MODULES = YES;
				CLANG_ENABLE_OBJC_ARC = YES;
				CLANG_ENABLE_OBJC_WEAK = YES;
				CLANG_WARN_BLOCK_CAPTURE_AUTORELEASING = YES;
				CLANG_WARN_BOOL_CONVERSION = YES;
				CLANG_WARN_COMMA = YES;
				CLANG_WARN_CONSTANT_CONVERSION = YES;
				CLANG_WARN_DEPRECATED_OBJC_IMPLEMENTATIONS = YES;
				CLANG_WARN_DIRECT_OBJC_ISA_USAGE = YES_ERROR;
				CLANG_WARN_DOCUMENTATION_COMMENTS = YES;
				CLANG_WARN_EMPTY_BODY = YES;
				CLANG_WARN_ENUM_CONVERSION = YES;
				CLANG_WARN_INFINITE_RECURSION = YES;
				CLANG_WARN_INT_CONVERSION = YES;
				CLANG_WARN_NON_LITERAL_NULL_CONVERSION = YES;
				CLANG_WARN_OBJC_IMPLICIT_RETAIN_SELF = YES;
				CLANG_WARN_OBJC_LITERAL_CONVERSION = YES;
				CLANG_WARN_OBJC_ROOT_CLASS = YES_ERROR;
				CLANG_WARN_QUOTED_INCLUDE_IN_FRAMEWORK_HEADER = YES;
				CLANG_WARN_RANGE_LOOP_ANALYSIS = YES;
				CLANG_WARN_STRICT_PROTOTYPES = YES;
				CLANG_WARN_SUSPICIOUS_MOVE = YES;
				CLANG_WARN_UNGUARDED_AVAILABILITY = YES_AGGRESSIVE;
				CLANG_WARN_UNREACHABLE_CODE = YES;
				CLANG_WARN__DUPLICATE_METHOD_MATCH = YES;
				COPY_PHASE_STRIP = NO;
				DEBUG_INFORMATION_FORMAT = dwarf;
				ENABLE_STRICT_OBJC_MSGSEND = YES;
				ENABLE_TESTABILITY = YES;
				GCC_C_LANGUAGE_STANDARD = gnu11;
				GCC_DYNAMIC_NO_PIC = NO;
				GCC_NO_COMMON_BLOCKS = YES;
				GCC_OPTIMIZATION_LEVEL = 0;
				GCC_PREPROCESSOR_DEFINITIONS = (
					"DEBUG=1",
					"$(inherited)",
				);
				GCC_WARN_64_TO_32_BIT_CONVERSION = YES;
				GCC_WARN_ABOUT_RETURN_TYPE = YES_ERROR;
				GCC_WARN_UNDECLARED_SELECTOR = YES;
				GCC_WARN_UNINITIALIZED_AUTOS = YES_AGGRESSIVE;
				GCC_WARN_UNUSED_FUNCTION = YES;
				GCC_WARN_UNUSED_VARIABLE = YES;
				IPHONEOS_DEPLOYMENT_TARGET = 14.5;
				MTL_ENABLE_DEBUG_INFO = INCLUDE_SOURCE;
				MTL_FAST_MATH = YES;
				ONLY_ACTIVE_ARCH = YES;
				SDKROOT = iphoneos;
				SWIFT_ACTIVE_COMPILATION_CONDITIONS = DEBUG;
				SWIFT_OPTIMIZATION_LEVEL = "-Onone";
			};
			name = Debug;
		};
		AA38EA8E26B1057C00528CA9 /* Release */ = {
			isa = XCBuildConfiguration;
			buildSettings = {
				ALWAYS_SEARCH_USER_PATHS = NO;
				CLANG_ANALYZER_NONNULL = YES;
				CLANG_ANALYZER_NUMBER_OBJECT_CONVERSION = YES_AGGRESSIVE;
				CLANG_CXX_LANGUAGE_STANDARD = "gnu++14";
				CLANG_CXX_LIBRARY = "libc++";
				CLANG_ENABLE_MODULES = YES;
				CLANG_ENABLE_OBJC_ARC = YES;
				CLANG_ENABLE_OBJC_WEAK = YES;
				CLANG_WARN_BLOCK_CAPTURE_AUTORELEASING = YES;
				CLANG_WARN_BOOL_CONVERSION = YES;
				CLANG_WARN_COMMA = YES;
				CLANG_WARN_CONSTANT_CONVERSION = YES;
				CLANG_WARN_DEPRECATED_OBJC_IMPLEMENTATIONS = YES;
				CLANG_WARN_DIRECT_OBJC_ISA_USAGE = YES_ERROR;
				CLANG_WARN_DOCUMENTATION_COMMENTS = YES;
				CLANG_WARN_EMPTY_BODY = YES;
				CLANG_WARN_ENUM_CONVERSION = YES;
				CLANG_WARN_INFINITE_RECURSION = YES;
				CLANG_WARN_INT_CONVERSION = YES;
				CLANG_WARN_NON_LITERAL_NULL_CONVERSION = YES;
				CLANG_WARN_OBJC_IMPLICIT_RETAIN_SELF = YES;
				CLANG_WARN_OBJC_LITERAL_CONVERSION = YES;
				CLANG_WARN_OBJC_ROOT_CLASS = YES_ERROR;
				CLANG_WARN_QUOTED_INCLUDE_IN_FRAMEWORK_HEADER = YES;
				CLANG_WARN_RANGE_LOOP_ANALYSIS = YES;
				CLANG_WARN_STRICT_PROTOTYPES = YES;
				CLANG_WARN_SUSPICIOUS_MOVE = YES;
				CLANG_WARN_UNGUARDED_AVAILABILITY = YES_AGGRESSIVE;
				CLANG_WARN_UNREACHABLE_CODE = YES;
				CLANG_WARN__DUPLICATE_METHOD_MATCH = YES;
				COPY_PHASE_STRIP = NO;
				DEBUG_INFORMATION_FORMAT = "dwarf-with-dsym";
				ENABLE_NS_ASSERTIONS = NO;
				ENABLE_STRICT_OBJC_MSGSEND = YES;
				GCC_C_LANGUAGE_STANDARD = gnu11;
				GCC_NO_COMMON_BLOCKS = YES;
				GCC_WARN_64_TO_32_BIT_CONVERSION = YES;
				GCC_WARN_ABOUT_RETURN_TYPE = YES_ERROR;
				GCC_WARN_UNDECLARED_SELECTOR = YES;
				GCC_WARN_UNINITIALIZED_AUTOS = YES_AGGRESSIVE;
				GCC_WARN_UNUSED_FUNCTION = YES;
				GCC_WARN_UNUSED_VARIABLE = YES;
				IPHONEOS_DEPLOYMENT_TARGET = 14.5;
				MTL_ENABLE_DEBUG_INFO = NO;
				MTL_FAST_MATH = YES;
				SDKROOT = iphoneos;
				SWIFT_COMPILATION_MODE = wholemodule;
				SWIFT_OPTIMIZATION_LEVEL = "-O";
				VALIDATE_PRODUCT = YES;
			};
			name = Release;
		};
		AA38EA9026B1057C00528CA9 /* Debug */ = {
			isa = XCBuildConfiguration;
			baseConfigurationReference = 74FF0BBC4020DB375AC69109 /* Pods-starscreamSwift.debug.xcconfig */;
			buildSettings = {
				ASSETCATALOG_COMPILER_APPICON_NAME = AppIcon;
				ASSETCATALOG_COMPILER_GLOBAL_ACCENT_COLOR_NAME = AccentColor;
				CODE_SIGN_STYLE = Automatic;
				INFOPLIST_FILE = starscreamSwift/Info.plist;
				LD_RUNPATH_SEARCH_PATHS = (
					"$(inherited)",
					"@executable_path/Frameworks",
				);
				PRODUCT_BUNDLE_IDENTIFIER = Somsak.starscreamSwift;
				PRODUCT_NAME = "$(TARGET_NAME)";
				SWIFT_VERSION = 5.0;
				TARGETED_DEVICE_FAMILY = "1,2";
			};
			name = Debug;
		};
		AA38EA9126B1057C00528CA9 /* Release */ = {
			isa = XCBuildConfiguration;
			baseConfigurationReference = C172B041D4A766C851F83228 /* Pods-starscreamSwift.release.xcconfig */;
			buildSettings = {
				ASSETCATALOG_COMPILER_APPICON_NAME = AppIcon;
				ASSETCATALOG_COMPILER_GLOBAL_ACCENT_COLOR_NAME = AccentColor;
				CODE_SIGN_STYLE = Automatic;
				INFOPLIST_FILE = starscreamSwift/Info.plist;
				LD_RUNPATH_SEARCH_PATHS = (
					"$(inherited)",
					"@executable_path/Frameworks",
				);
				PRODUCT_BUNDLE_IDENTIFIER = Somsak.starscreamSwift;
				PRODUCT_NAME = "$(TARGET_NAME)";
				SWIFT_VERSION = 5.0;
				TARGETED_DEVICE_FAMILY = "1,2";
			};
			name = Release;
		};
/* End XCBuildConfiguration section */

/* Begin XCConfigurationList section */
		AA38EA7626B1057B00528CA9 /* Build configuration list for PBXProject "starscreamSwift" */ = {
			isa = XCConfigurationList;
			buildConfigurations = (
				AA38EA8D26B1057C00528CA9 /* Debug */,
				AA38EA8E26B1057C00528CA9 /* Release */,
			);
			defaultConfigurationIsVisible = 0;
			defaultConfigurationName = Release;
		};
		AA38EA8F26B1057C00528CA9 /* Build configuration list for PBXNativeTarget "starscreamSwift" */ = {
			isa = XCConfigurationList;
			buildConfigurations = (
				AA38EA9026B1057C00528CA9 /* Debug */,
				AA38EA9126B1057C00528CA9 /* Release */,
			);
			defaultConfigurationIsVisible = 0;
			defaultConfigurationName = Release;
		};
/* End XCConfigurationList section */
	};
	rootObject = AA38EA7326B1057B00528CA9 /* Project object */;
}
